
Microsoft Visual Studio Solution File, Format Version 12.00
# Visual Studio Version 17
VisualStudioVersion = 17.4.33213.308
MinimumVisualStudioVersion = 10.0.40219.1
Project("{FAE04EC0-301F-11D3-BF4B-00C04F79EFBC}") = "Lecture1", "Lecture1\Lecture1.csproj", "{66A39268-87D4-4D20-9A3F-0903BC131B83}"
EndProject
Project("{FAE04EC0-301F-11D3-BF4B-00C04F79EFBC}") = "lecture2-CSharp-Basic", "lecture2-CSharp-Basic\lecture2-CSharp-Basic.csproj", "{10145BF2-2D5E-42FD-9888-85353FB868B1}"
EndProject
Project("{FAE04EC0-301F-11D3-BF4B-00C04F79EFBC}") = "lecture2-wpf", "lecture2-wpf\lecture2-wpf.csproj", "{F6BD6DE1-6B92-4460-9E48-29A8F17B3AB6}"
EndProject
Global
	GlobalSection(SolutionConfigurationPlatforms) = preSolution
		Debug|Any CPU = Debug|Any CPU
		Release|Any CPU = Release|Any CPU
	EndGlobalSection
	GlobalSection(ProjectConfigurationPlatforms) = postSolution
		{66A39268-87D4-4D20-9A3F-0903BC131B83}.Debug|Any CPU.ActiveCfg = Debug|Any CPU
		{66A39268-87D4-4D20-9A3F-0903BC131B83}.Debug|Any CPU.Build.0 = Debug|Any CPU
		{66A39268-87D4-4D20-9A3F-0903BC131B83}.Release|Any CPU.ActiveCfg = Release|Any CPU
		{66A39268-87D4-4D20-9A3F-0903BC131B83}.Release|Any CPU.Build.0 = Release|Any CPU
		{10145BF2-2D5E-42FD-9888-85353FB868B1}.Debug|Any CPU.ActiveCfg = Debug|Any CPU
		{10145BF2-2D5E-42FD-9888-85353FB868B1}.Debug|Any CPU.Build.0 = Debug|Any CPU
		{10145BF2-2D5E-42FD-9888-85353FB868B1}.Release|Any CPU.ActiveCfg = Release|Any CPU
		{10145BF2-2D5E-42FD-9888-85353FB868B1}.Release|Any CPU.Build.0 = Release|Any CPU
		{F6BD6DE1-6B92-4460-9E48-29A8F17B3AB6}.Debug|Any CPU.ActiveCfg = Debug|Any CPU
		{F6BD6DE1-6B92-4460-9E48-29A8F17B3AB6}.Debug|Any CPU.Build.0 = Debug|Any CPU
		{F6BD6DE1-6B92-4460-9E48-29A8F17B3AB6}.Release|Any CPU.ActiveCfg = Release|Any CPU
		{F6BD6DE1-6B92-4460-9E48-29A8F17B3AB6}.Release|Any CPU.Build.0 = Release|Any CPU
	EndGlobalSection
	GlobalSection(SolutionProperties) = preSolution
		HideSolutionNode = FALSE
	EndGlobalSection
	GlobalSection(ExtensibilityGlobals) = postSolution
		SolutionGuid = {18BBA0A7-B378-4D0A-9465-148BD46896FF}
	EndGlobalSection
EndGlobal
